
Microsoft Visual Studio Solution File, Format Version 12.00
# Visual Studio 14
VisualStudioVersion = 14.0.25420.1
MinimumVisualStudioVersion = 10.0.40219.1
Project("{F184B08F-C81C-45F6-A57F-5ABD9991F28F}") = "wp9", "wp9\wp9.vbproj", "{3E81CBD7-0B33-47CC-822E-B364F3FEA6FB}"
EndProject
Global
	GlobalSection(SolutionConfigurationPlatforms) = preSolution
		Debug|Any CPU = Debug|Any CPU
		Release|Any CPU = Release|Any CPU
	EndGlobalSection
	GlobalSection(ProjectConfigurationPlatforms) = postSolution
		{3E81CBD7-0B33-47CC-822E-B364F3FEA6FB}.Debug|Any CPU.ActiveCfg = Debug|Any CPU
		{3E81CBD7-0B33-47CC-822E-B364F3FEA6FB}.Debug|Any CPU.Build.0 = Debug|Any CPU
		{3E81CBD7-0B33-47CC-822E-B364F3FEA6FB}.Release|Any CPU.ActiveCfg = Release|Any CPU
		{3E81CBD7-0B33-47CC-822E-B364F3FEA6FB}.Release|Any CPU.Build.0 = Release|Any CPU
	EndGlobalSection
	GlobalSection(SolutionProperties) = preSolution
		HideSolutionNode = FALSE
	EndGlobalSection
EndGlobal
